
Microsoft Visual Studio Solution File, Format Version 12.00
# Visual Studio Version 17
VisualStudioVersion = 17.5.33516.290
MinimumVisualStudioVersion = 10.0.40219.1
Project("{FAE04EC0-301F-11D3-BF4B-00C04F79EFBC}") = "WEB_153501_Kosach", "WEB_153501_Kosach\WEB_153501_Kosach.csproj", "{A3B555AC-54F5-4769-A1FB-5D88E8F80A6B}"
EndProject
Global
	GlobalSection(SolutionConfigurationPlatforms) = preSolution
		Debug|Any CPU = Debug|Any CPU
		Release|Any CPU = Release|Any CPU
	EndGlobalSection
	GlobalSection(ProjectConfigurationPlatforms) = postSolution
		{A3B555AC-54F5-4769-A1FB-5D88E8F80A6B}.Debug|Any CPU.ActiveCfg = Debug|Any CPU
		{A3B555AC-54F5-4769-A1FB-5D88E8F80A6B}.Debug|Any CPU.Build.0 = Debug|Any CPU
		{A3B555AC-54F5-4769-A1FB-5D88E8F80A6B}.Release|Any CPU.ActiveCfg = Release|Any CPU
		{A3B555AC-54F5-4769-A1FB-5D88E8F80A6B}.Release|Any CPU.Build.0 = Release|Any CPU
	EndGlobalSection
	GlobalSection(SolutionProperties) = preSolution
		HideSolutionNode = FALSE
	EndGlobalSection
	GlobalSection(ExtensibilityGlobals) = postSolution
		SolutionGuid = {BA7CA13C-2508-453D-8F78-EBFF0E371735}
	EndGlobalSection
EndGlobal
