
Microsoft Visual Studio Solution File, Format Version 12.00
# Visual Studio Version 17
VisualStudioVersion = 17.5.33516.290
MinimumVisualStudioVersion = 10.0.40219.1
Project("{9A19103F-16F7-4668-BE54-9A1E7A4F7556}") = "WEB_153501_Kosach", "WEB_153501_Kosach\WEB_153501_Kosach.csproj", "{A3B555AC-54F5-4769-A1FB-5D88E8F80A6B}"
EndProject
Project("{9A19103F-16F7-4668-BE54-9A1E7A4F7556}") = "WEB_153501_Kosach.Domain", "WEB_153501_Kosach.Domain\WEB_153501_Kosach.Domain.csproj", "{C54DB375-EF3E-4A0F-BC7B-66ED4BE5933B}"
EndProject
Project("{9A19103F-16F7-4668-BE54-9A1E7A4F7556}") = "WEB_153501_Kosach.API", "WEB_153501_Kosach.API\WEB_153501_Kosach.API.csproj", "{3EACECD5-2650-48EB-832A-DDE2EFAF9A6C}"
EndProject
Project("{9A19103F-16F7-4668-BE54-9A1E7A4F7556}") = "WEB_153501_Kosach.IdentityServer", "WEB_153501_Kosach.IdentityServer\WEB_153501_Kosach.IdentityServer.csproj", "{3E3A37ED-D9A5-4D91-9C7D-21A6C803C35F}"
EndProject
Global
	GlobalSection(SolutionConfigurationPlatforms) = preSolution
		Debug|Any CPU = Debug|Any CPU
		Release|Any CPU = Release|Any CPU
	EndGlobalSection
	GlobalSection(ProjectConfigurationPlatforms) = postSolution
		{A3B555AC-54F5-4769-A1FB-5D88E8F80A6B}.Debug|Any CPU.ActiveCfg = Debug|Any CPU
		{A3B555AC-54F5-4769-A1FB-5D88E8F80A6B}.Debug|Any CPU.Build.0 = Debug|Any CPU
		{A3B555AC-54F5-4769-A1FB-5D88E8F80A6B}.Release|Any CPU.ActiveCfg = Release|Any CPU
		{A3B555AC-54F5-4769-A1FB-5D88E8F80A6B}.Release|Any CPU.Build.0 = Release|Any CPU
		{C54DB375-EF3E-4A0F-BC7B-66ED4BE5933B}.Debug|Any CPU.ActiveCfg = Debug|Any CPU
		{C54DB375-EF3E-4A0F-BC7B-66ED4BE5933B}.Debug|Any CPU.Build.0 = Debug|Any CPU
		{C54DB375-EF3E-4A0F-BC7B-66ED4BE5933B}.Release|Any CPU.ActiveCfg = Release|Any CPU
		{C54DB375-EF3E-4A0F-BC7B-66ED4BE5933B}.Release|Any CPU.Build.0 = Release|Any CPU
		{3EACECD5-2650-48EB-832A-DDE2EFAF9A6C}.Debug|Any CPU.ActiveCfg = Debug|Any CPU
		{3EACECD5-2650-48EB-832A-DDE2EFAF9A6C}.Debug|Any CPU.Build.0 = Debug|Any CPU
		{3EACECD5-2650-48EB-832A-DDE2EFAF9A6C}.Release|Any CPU.ActiveCfg = Release|Any CPU
		{3EACECD5-2650-48EB-832A-DDE2EFAF9A6C}.Release|Any CPU.Build.0 = Release|Any CPU
		{3E3A37ED-D9A5-4D91-9C7D-21A6C803C35F}.Debug|Any CPU.ActiveCfg = Debug|Any CPU
		{3E3A37ED-D9A5-4D91-9C7D-21A6C803C35F}.Debug|Any CPU.Build.0 = Debug|Any CPU
		{3E3A37ED-D9A5-4D91-9C7D-21A6C803C35F}.Release|Any CPU.ActiveCfg = Release|Any CPU
		{3E3A37ED-D9A5-4D91-9C7D-21A6C803C35F}.Release|Any CPU.Build.0 = Release|Any CPU
	EndGlobalSection
	GlobalSection(SolutionProperties) = preSolution
		HideSolutionNode = FALSE
	EndGlobalSection
	GlobalSection(ExtensibilityGlobals) = postSolution
		SolutionGuid = {BA7CA13C-2508-453D-8F78-EBFF0E371735}
	EndGlobalSection
EndGlobal
